
Microsoft Visual Studio Solution File, Format Version 12.00
# Visual Studio Version 16
VisualStudioVersion = 16.0.29418.71
MinimumVisualStudioVersion = 10.0.40219.1
Project("{2150E333-8FDC-42A3-9474-1A3956D46DE8}") = "Solution Items", "Solution Items", "{E946E396-1031-4114-AFC9-6A736E4185D5}"
	ProjectSection(SolutionItems) = preProject
		.gitignore = .gitignore
		bitbucket-pipelines.yml = bitbucket-pipelines.yml
		build.sh = build.sh
		GlobalSuppressions.cs = GlobalSuppressions.cs
		GlobalSuppressions.Tests.cs = GlobalSuppressions.Tests.cs
		LICENSE = LICENSE
		README.md = README.md
	EndProjectSection
EndProject
Project("{9A19103F-16F7-4668-BE54-9A1E7A4F7556}") = "Olekstra.LikePharma.Client", "Olekstra.LikePharma.Client\Olekstra.LikePharma.Client.csproj", "{066F84CB-F384-4E1D-80FF-71D9DD62FD5C}"
EndProject
Project("{9A19103F-16F7-4668-BE54-9A1E7A4F7556}") = "Olekstra.LikePharma.Client.Tests", "Olekstra.LikePharma.Client.Tests\Olekstra.LikePharma.Client.Tests.csproj", "{21B603E7-2386-4AC7-9969-48AC24D9412D}"
EndProject
Project("{9A19103F-16F7-4668-BE54-9A1E7A4F7556}") = "Olekstra.LikePharma.Server", "Olekstra.LikePharma.Server\Olekstra.LikePharma.Server.csproj", "{DB55AE85-CCDB-4EF5-8591-EDB38D6A066D}"
EndProject
Project("{9A19103F-16F7-4668-BE54-9A1E7A4F7556}") = "Olekstra.LikePharma.Server.Tests", "Olekstra.LikePharma.Server.Tests\Olekstra.LikePharma.Server.Tests.csproj", "{30BFB0DA-FDA7-478C-980C-B08102039356}"
EndProject
Global
	GlobalSection(SolutionConfigurationPlatforms) = preSolution
		Debug|Any CPU = Debug|Any CPU
		Release|Any CPU = Release|Any CPU
	EndGlobalSection
	GlobalSection(ProjectConfigurationPlatforms) = postSolution
		{066F84CB-F384-4E1D-80FF-71D9DD62FD5C}.Debug|Any CPU.ActiveCfg = Debug|Any CPU
		{066F84CB-F384-4E1D-80FF-71D9DD62FD5C}.Debug|Any CPU.Build.0 = Debug|Any CPU
		{066F84CB-F384-4E1D-80FF-71D9DD62FD5C}.Release|Any CPU.ActiveCfg = Release|Any CPU
		{066F84CB-F384-4E1D-80FF-71D9DD62FD5C}.Release|Any CPU.Build.0 = Release|Any CPU
		{21B603E7-2386-4AC7-9969-48AC24D9412D}.Debug|Any CPU.ActiveCfg = Debug|Any CPU
		{21B603E7-2386-4AC7-9969-48AC24D9412D}.Debug|Any CPU.Build.0 = Debug|Any CPU
		{21B603E7-2386-4AC7-9969-48AC24D9412D}.Release|Any CPU.ActiveCfg = Release|Any CPU
		{21B603E7-2386-4AC7-9969-48AC24D9412D}.Release|Any CPU.Build.0 = Release|Any CPU
		{DB55AE85-CCDB-4EF5-8591-EDB38D6A066D}.Debug|Any CPU.ActiveCfg = Debug|Any CPU
		{DB55AE85-CCDB-4EF5-8591-EDB38D6A066D}.Debug|Any CPU.Build.0 = Debug|Any CPU
		{DB55AE85-CCDB-4EF5-8591-EDB38D6A066D}.Release|Any CPU.ActiveCfg = Release|Any CPU
		{DB55AE85-CCDB-4EF5-8591-EDB38D6A066D}.Release|Any CPU.Build.0 = Release|Any CPU
		{30BFB0DA-FDA7-478C-980C-B08102039356}.Debug|Any CPU.ActiveCfg = Debug|Any CPU
		{30BFB0DA-FDA7-478C-980C-B08102039356}.Debug|Any CPU.Build.0 = Debug|Any CPU
		{30BFB0DA-FDA7-478C-980C-B08102039356}.Release|Any CPU.ActiveCfg = Release|Any CPU
		{30BFB0DA-FDA7-478C-980C-B08102039356}.Release|Any CPU.Build.0 = Release|Any CPU
	EndGlobalSection
	GlobalSection(SolutionProperties) = preSolution
		HideSolutionNode = FALSE
	EndGlobalSection
	GlobalSection(ExtensibilityGlobals) = postSolution
		SolutionGuid = {C9CCEA21-B498-4C43-BE75-FD6A60365A0B}
	EndGlobalSection
EndGlobal
